<Solution>
  <Folder Name="/src/">
    <Project Path="src/Judgy.Core/Judgy.Core.csproj" />
    <Project Path="src/Judgy.Providers.Http/Judgy.Providers.Http.csproj" />
    <Project Path="src/Judgy.Xunit/Judgy.Xunit.csproj" />
  </Folder>
  <Folder Name="/tests/">
    <Project Path="tests/Judgy.Core.Tests/Judgy.Core.Tests.csproj" />
    <Project Path="tests/Judgy.Xunit.Tests/Judgy.Xunit.Tests.csproj" />
  </Folder>
</Solution>
