<Solution>
  <Folder Name="/src/">
    <Project Path="src/Judgy.Providers.Anthropic/Judgy.Providers.Anthropic.csproj" />
    <Project Path="src/Judgy.Core/Judgy.Core.csproj" />
    <Project Path="src/Judgy.Providers.AzureOpenAI/Judgy.Providers.AzureOpenAI.csproj" />
    <Project Path="src/Judgy.Providers.DeepSeek/Judgy.Providers.DeepSeek.csproj" />
    <Project Path="src/Judgy.Providers.Google/Judgy.Providers.Google.csproj" />
    <Project Path="src/Judgy.Providers.Http/Judgy.Providers.Http.csproj" />
    <Project Path="src/Judgy.Providers.Mistral/Judgy.Providers.Mistral.csproj" />
    <Project Path="src/Judgy.Providers.Moonshot/Judgy.Providers.Moonshot.csproj" />
    <Project Path="src/Judgy.Providers.Ollama/Judgy.Providers.Ollama.csproj" />
    <Project Path="src/Judgy.Providers.OpenAI/Judgy.Providers.OpenAI.csproj" />
    <Project Path="src/Judgy.Xunit/Judgy.Xunit.csproj" />
  </Folder>
  <Folder Name="/tests/">
    <Project Path="tests/Judgy.Providers.Anthropic.Tests/Judgy.Providers.Anthropic.Tests.csproj" />
    <Project Path="tests/Judgy.Providers.AzureOpenAI.Tests/Judgy.Providers.AzureOpenAI.Tests.csproj" />
    <Project Path="tests/Judgy.Core.Tests/Judgy.Core.Tests.csproj" />
    <Project Path="tests/Judgy.Providers.DeepSeek.Tests/Judgy.Providers.DeepSeek.Tests.csproj" />
    <Project Path="tests/Judgy.Providers.Google.Tests/Judgy.Providers.Google.Tests.csproj" />
    <Project Path="tests/Judgy.Providers.Http.Tests/Judgy.Providers.Http.Tests.csproj" />
    <Project Path="tests/Judgy.Providers.Mistral.Tests/Judgy.Providers.Mistral.Tests.csproj" />
    <Project Path="tests/Judgy.Providers.Moonshot.Tests/Judgy.Providers.Moonshot.Tests.csproj" />
    <Project Path="tests/Judgy.Providers.Ollama.Tests/Judgy.Providers.Ollama.Tests.csproj" />
    <Project Path="tests/Judgy.Providers.OpenAI.Tests/Judgy.Providers.OpenAI.Tests.csproj" />
    <Project Path="tests/Judgy.Xunit.Tests/Judgy.Xunit.Tests.csproj" />
  </Folder>
  <Folder Name="/samples/">
    <Project Path="samples/Judgy.Samples.SemanticEvaluation/Judgy.Samples.SemanticEvaluation.csproj" />
    <Project Path="samples/Judgy.Samples.XunitAssertions/Judgy.Samples.XunitAssertions.csproj" />
  </Folder>
</Solution>